
Microsoft Visual Studio Solution File, Format Version 12.00
# Visual Studio Version 17
VisualStudioVersion = 17.12.35527.113
MinimumVisualStudioVersion = 10.0.40219.1
Project("{FAE04EC0-301F-11D3-BF4B-00C04F79EFBC}") = "Smarthome.AmbientCollector.Api", "src-docker\Smarthome.AmbientCollector.Api\Smarthome.AmbientCollector.Api.csproj", "{8ED210EE-128D-479A-A40E-632E5546B2F2}"
EndProject
Project("{FAE04EC0-301F-11D3-BF4B-00C04F79EFBC}") = "Smarthome.Core", "src-dotnet\Smarthome.Core\Smarthome.Core.csproj", "{F22C0273-E1A6-49E7-8CDC-7DC65B8E3C21}"
EndProject
Project("{2150E333-8FDC-42A3-9474-1A3956D46DE8}") = "Communication", "Communication", "{17AA3A9E-703D-437C-AC95-C83CFCFC7F3D}"
EndProject
Project("{FAE04EC0-301F-11D3-BF4B-00C04F79EFBC}") = "LSoftware.Communication.Abstractions", "src-dotnet\LSoftware.Communication.Abstractions\LSoftware.Communication.Abstractions.csproj", "{D096A01B-49D0-4AD6-9D79-58C648E32C17}"
EndProject
Project("{FAE04EC0-301F-11D3-BF4B-00C04F79EFBC}") = "LSoftware.Communication.Mqtt", "src-dotnet\LSoftware.Communication.Mqtt\LSoftware.Communication.Mqtt.csproj", "{EC355649-ACCC-4E79-B7D9-6CA4D8A1F495}"
EndProject
Project("{2150E333-8FDC-42A3-9474-1A3956D46DE8}") = "Metrics", "Metrics", "{DB37C53A-7E25-4FE8-AC25-E1BBC743685D}"
EndProject
Project("{FAE04EC0-301F-11D3-BF4B-00C04F79EFBC}") = "LSoftware.Communication.Extensions", "src-dotnet\LSoftware.Communication.Extensions\LSoftware.Communication.Extensions.csproj", "{2FC0247A-6EE5-4EDC-84AC-9C15DF1E0912}"
EndProject
Project("{2150E333-8FDC-42A3-9474-1A3956D46DE8}") = "Repository", "Repository", "{3637493A-94EF-48A2-B5FB-EFA554D86E3C}"
EndProject
Project("{FAE04EC0-301F-11D3-BF4B-00C04F79EFBC}") = "LSoftware.Repository.Abstractions", "src-dotnet\LSoftware.Repository.Abstractions\LSoftware.Repository.Abstractions.csproj", "{785CBAD2-0162-4CB3-8EB1-D2850CDB4BAA}"
EndProject
Project("{FAE04EC0-301F-11D3-BF4B-00C04F79EFBC}") = "LSoftware.Repository.Extensions", "src-dotnet\LSoftware.Repository.Extensions\LSoftware.Repository.Extensions.csproj", "{3CD11E65-18FB-4C18-8A0C-237121CCBE49}"
EndProject
Project("{FAE04EC0-301F-11D3-BF4B-00C04F79EFBC}") = "LSoftware.Repository.MongoDb", "src-dotnet\LSoftware.Repository.MongoDb\LSoftware.Repository.MongoDb.csproj", "{CF3A54FF-2CBF-4FCA-9F20-CF2B83035A29}"
EndProject
Global
	GlobalSection(SolutionConfigurationPlatforms) = preSolution
		Debug|Any CPU = Debug|Any CPU
		Release|Any CPU = Release|Any CPU
	EndGlobalSection
	GlobalSection(ProjectConfigurationPlatforms) = postSolution
		{8ED210EE-128D-479A-A40E-632E5546B2F2}.Debug|Any CPU.ActiveCfg = Debug|Any CPU
		{8ED210EE-128D-479A-A40E-632E5546B2F2}.Debug|Any CPU.Build.0 = Debug|Any CPU
		{8ED210EE-128D-479A-A40E-632E5546B2F2}.Release|Any CPU.ActiveCfg = Release|Any CPU
		{8ED210EE-128D-479A-A40E-632E5546B2F2}.Release|Any CPU.Build.0 = Release|Any CPU
		{F22C0273-E1A6-49E7-8CDC-7DC65B8E3C21}.Debug|Any CPU.ActiveCfg = Debug|Any CPU
		{F22C0273-E1A6-49E7-8CDC-7DC65B8E3C21}.Debug|Any CPU.Build.0 = Debug|Any CPU
		{F22C0273-E1A6-49E7-8CDC-7DC65B8E3C21}.Release|Any CPU.ActiveCfg = Release|Any CPU
		{F22C0273-E1A6-49E7-8CDC-7DC65B8E3C21}.Release|Any CPU.Build.0 = Release|Any CPU
		{D096A01B-49D0-4AD6-9D79-58C648E32C17}.Debug|Any CPU.ActiveCfg = Debug|Any CPU
		{D096A01B-49D0-4AD6-9D79-58C648E32C17}.Debug|Any CPU.Build.0 = Debug|Any CPU
		{D096A01B-49D0-4AD6-9D79-58C648E32C17}.Release|Any CPU.ActiveCfg = Release|Any CPU
		{D096A01B-49D0-4AD6-9D79-58C648E32C17}.Release|Any CPU.Build.0 = Release|Any CPU
		{EC355649-ACCC-4E79-B7D9-6CA4D8A1F495}.Debug|Any CPU.ActiveCfg = Debug|Any CPU
		{EC355649-ACCC-4E79-B7D9-6CA4D8A1F495}.Debug|Any CPU.Build.0 = Debug|Any CPU
		{EC355649-ACCC-4E79-B7D9-6CA4D8A1F495}.Release|Any CPU.ActiveCfg = Release|Any CPU
		{EC355649-ACCC-4E79-B7D9-6CA4D8A1F495}.Release|Any CPU.Build.0 = Release|Any CPU
		{2FC0247A-6EE5-4EDC-84AC-9C15DF1E0912}.Debug|Any CPU.ActiveCfg = Debug|Any CPU
		{2FC0247A-6EE5-4EDC-84AC-9C15DF1E0912}.Debug|Any CPU.Build.0 = Debug|Any CPU
		{2FC0247A-6EE5-4EDC-84AC-9C15DF1E0912}.Release|Any CPU.ActiveCfg = Release|Any CPU
		{2FC0247A-6EE5-4EDC-84AC-9C15DF1E0912}.Release|Any CPU.Build.0 = Release|Any CPU
		{785CBAD2-0162-4CB3-8EB1-D2850CDB4BAA}.Debug|Any CPU.ActiveCfg = Debug|Any CPU
		{785CBAD2-0162-4CB3-8EB1-D2850CDB4BAA}.Debug|Any CPU.Build.0 = Debug|Any CPU
		{785CBAD2-0162-4CB3-8EB1-D2850CDB4BAA}.Release|Any CPU.ActiveCfg = Release|Any CPU
		{785CBAD2-0162-4CB3-8EB1-D2850CDB4BAA}.Release|Any CPU.Build.0 = Release|Any CPU
		{3CD11E65-18FB-4C18-8A0C-237121CCBE49}.Debug|Any CPU.ActiveCfg = Debug|Any CPU
		{3CD11E65-18FB-4C18-8A0C-237121CCBE49}.Debug|Any CPU.Build.0 = Debug|Any CPU
		{3CD11E65-18FB-4C18-8A0C-237121CCBE49}.Release|Any CPU.ActiveCfg = Release|Any CPU
		{3CD11E65-18FB-4C18-8A0C-237121CCBE49}.Release|Any CPU.Build.0 = Release|Any CPU
		{CF3A54FF-2CBF-4FCA-9F20-CF2B83035A29}.Debug|Any CPU.ActiveCfg = Debug|Any CPU
		{CF3A54FF-2CBF-4FCA-9F20-CF2B83035A29}.Debug|Any CPU.Build.0 = Debug|Any CPU
		{CF3A54FF-2CBF-4FCA-9F20-CF2B83035A29}.Release|Any CPU.ActiveCfg = Release|Any CPU
		{CF3A54FF-2CBF-4FCA-9F20-CF2B83035A29}.Release|Any CPU.Build.0 = Release|Any CPU
	EndGlobalSection
	GlobalSection(SolutionProperties) = preSolution
		HideSolutionNode = FALSE
	EndGlobalSection
	GlobalSection(NestedProjects) = preSolution
		{D096A01B-49D0-4AD6-9D79-58C648E32C17} = {17AA3A9E-703D-437C-AC95-C83CFCFC7F3D}
		{EC355649-ACCC-4E79-B7D9-6CA4D8A1F495} = {17AA3A9E-703D-437C-AC95-C83CFCFC7F3D}
		{2FC0247A-6EE5-4EDC-84AC-9C15DF1E0912} = {17AA3A9E-703D-437C-AC95-C83CFCFC7F3D}
		{785CBAD2-0162-4CB3-8EB1-D2850CDB4BAA} = {3637493A-94EF-48A2-B5FB-EFA554D86E3C}
		{3CD11E65-18FB-4C18-8A0C-237121CCBE49} = {3637493A-94EF-48A2-B5FB-EFA554D86E3C}
		{CF3A54FF-2CBF-4FCA-9F20-CF2B83035A29} = {3637493A-94EF-48A2-B5FB-EFA554D86E3C}
	EndGlobalSection
EndGlobal
